
Microsoft Visual Studio Solution File, Format Version 12.00
# Visual Studio Version 16
VisualStudioVersion = 16.0.30711.63
MinimumVisualStudioVersion = 10.0.40219.1
Project("{FAE04EC0-301F-11D3-BF4B-00C04F79EFBC}") = "BattleShip", "BattleShip.csproj", "{B942600C-EBF0-4A89-B6D2-BF53E36781DF}"
EndProject
Global
	GlobalSection(SolutionConfigurationPlatforms) = preSolution
		Debug|Any CPU = Debug|Any CPU
		Release|Any CPU = Release|Any CPU
	EndGlobalSection
	GlobalSection(ProjectConfigurationPlatforms) = postSolution
		{B942600C-EBF0-4A89-B6D2-BF53E36781DF}.Debug|Any CPU.ActiveCfg = Debug|Any CPU
		{B942600C-EBF0-4A89-B6D2-BF53E36781DF}.Debug|Any CPU.Build.0 = Debug|Any CPU
		{B942600C-EBF0-4A89-B6D2-BF53E36781DF}.Release|Any CPU.ActiveCfg = Release|Any CPU
		{B942600C-EBF0-4A89-B6D2-BF53E36781DF}.Release|Any CPU.Build.0 = Release|Any CPU
	EndGlobalSection
	GlobalSection(SolutionProperties) = preSolution
		HideSolutionNode = FALSE
	EndGlobalSection
	GlobalSection(ExtensibilityGlobals) = postSolution
		SolutionGuid = {6E942146-2B71-4C8E-A14A-2B5E25609CC2}
	EndGlobalSection
EndGlobal
